
Microsoft Visual Studio Solution File, Format Version 12.00
# Visual Studio 2015
Project("{FAE04EC0-301F-11D3-BF4B-00C04F79EFBC}") = "PixelPrinter", "PixelPrinter.csproj", "{0DCF0E7B-614B-E2BD-2F00-E515FE42C350}"
EndProject
Global
	GlobalSection(SolutionConfigurationPlatforms) = preSolution
		Debug|Any CPU = Debug|Any CPU
		Release|Any CPU = Release|Any CPU
	EndGlobalSection
	GlobalSection(ProjectConfigurationPlatforms) = postSolution
		{0DCF0E7B-614B-E2BD-2F00-E515FE42C350}.Debug|Any CPU.ActiveCfg = Debug|Any CPU
		{0DCF0E7B-614B-E2BD-2F00-E515FE42C350}.Debug|Any CPU.Build.0 = Debug|Any CPU
		{0DCF0E7B-614B-E2BD-2F00-E515FE42C350}.Release|Any CPU.ActiveCfg = Release|Any CPU
		{0DCF0E7B-614B-E2BD-2F00-E515FE42C350}.Release|Any CPU.Build.0 = Release|Any CPU
	EndGlobalSection
	GlobalSection(SolutionProperties) = preSolution
		HideSolutionNode = FALSE
	EndGlobalSection
EndGlobal
